
Microsoft Visual Studio Solution File, Format Version 12.00
# Visual Studio Version 17
VisualStudioVersion = 17.13.35931.197
MinimumVisualStudioVersion = 10.0.40219.1
Project("{9A19103F-16F7-4668-BE54-9A1E7A4F7556}") = "Paging", "Paging\Paging.csproj", "{12C3A1A2-C021-4159-AEFE-2A999F994655}"
EndProject
Project("{2150E333-8FDC-42A3-9474-1A3956D46DE8}") = "Tests", "Tests", "{163068B4-1A1C-406E-B44C-B00FBDB81EF5}"
EndProject
Project("{9A19103F-16F7-4668-BE54-9A1E7A4F7556}") = "Paging.Tests", "Tests\Paging.Tests\Paging.Tests.csproj", "{7681747C-4FD3-46C4-AFDF-6707BC51FAF0}"
EndProject
Project("{2150E333-8FDC-42A3-9474-1A3956D46DE8}") = "Samples", "Samples", "{72F59CFF-03A0-4DC2-80C7-13FB8831EED2}"
EndProject
Project("{9A19103F-16F7-4668-BE54-9A1E7A4F7556}") = "ConsoleApp", "Samples\ConsoleApp\ConsoleApp.csproj", "{7F82A1F4-0E5E-4095-9519-7D4C324DE0E6}"
EndProject
Project("{2150E333-8FDC-42A3-9474-1A3956D46DE8}") = "Solution Items", "Solution Items", "{D6F3C1E3-9894-41A6-ABC3-F38EA4DDE2ED}"
	ProjectSection(SolutionItems) = preProject
		.editorconfig = .editorconfig
		.gitignore = .gitignore
		azure-pipelines.yml = azure-pipelines.yml
		README.md = README.md
		ReleaseNotes.txt = ReleaseNotes.txt
	EndProjectSection
EndProject
Project("{FAE04EC0-301F-11D3-BF4B-00C04F79EFBC}") = "WpfPagingSample", "Samples\WpfPagingSample\WpfPagingSample.csproj", "{E7D0BD90-4DA8-4C3B-AFFF-A8FAFC19881F}"
EndProject
Project("{FAE04EC0-301F-11D3-BF4B-00C04F79EFBC}") = "Paging.MAUI", "Paging.MAUI\Paging.MAUI.csproj", "{73562DC2-1B3A-48BF-96C6-31831BDB9FA0}"
EndProject
Project("{FAE04EC0-301F-11D3-BF4B-00C04F79EFBC}") = "Paging.Queryable", "Paging.Queryable\Paging.Queryable.csproj", "{F58AA23C-923D-2C0D-559F-AF420C37E994}"
EndProject
Project("{FAE04EC0-301F-11D3-BF4B-00C04F79EFBC}") = "Paging.Queryable.Tests", "Tests\Paging.Queryable.Tests\Paging.Queryable.Tests.csproj", "{4A990E75-3CEE-8823-185C-327CEA019094}"
EndProject
Project("{FAE04EC0-301F-11D3-BF4B-00C04F79EFBC}") = "Paging.MAUI.Tests", "Tests\Paging.MAUI.Tests\Paging.MAUI.Tests.csproj", "{ACCE180A-32A9-4C39-9FCC-2F332F9C4C61}"
EndProject
Project("{FAE04EC0-301F-11D3-BF4B-00C04F79EFBC}") = "MauiPagingSample", "Samples\MauiPagingSample\MauiPagingSample.csproj", "{FA3A22AD-C62D-4619-9456-6C8AA9A94E95}"
EndProject
Global
	GlobalSection(SolutionConfigurationPlatforms) = preSolution
		Debug|Any CPU = Debug|Any CPU
		Release|Any CPU = Release|Any CPU
	EndGlobalSection
	GlobalSection(ProjectConfigurationPlatforms) = postSolution
		{12C3A1A2-C021-4159-AEFE-2A999F994655}.Debug|Any CPU.ActiveCfg = Debug|Any CPU
		{12C3A1A2-C021-4159-AEFE-2A999F994655}.Debug|Any CPU.Build.0 = Debug|Any CPU
		{12C3A1A2-C021-4159-AEFE-2A999F994655}.Release|Any CPU.ActiveCfg = Release|Any CPU
		{12C3A1A2-C021-4159-AEFE-2A999F994655}.Release|Any CPU.Build.0 = Release|Any CPU
		{7681747C-4FD3-46C4-AFDF-6707BC51FAF0}.Debug|Any CPU.ActiveCfg = Debug|Any CPU
		{7681747C-4FD3-46C4-AFDF-6707BC51FAF0}.Debug|Any CPU.Build.0 = Debug|Any CPU
		{7681747C-4FD3-46C4-AFDF-6707BC51FAF0}.Release|Any CPU.ActiveCfg = Release|Any CPU
		{7681747C-4FD3-46C4-AFDF-6707BC51FAF0}.Release|Any CPU.Build.0 = Release|Any CPU
		{7F82A1F4-0E5E-4095-9519-7D4C324DE0E6}.Debug|Any CPU.ActiveCfg = Debug|Any CPU
		{7F82A1F4-0E5E-4095-9519-7D4C324DE0E6}.Debug|Any CPU.Build.0 = Debug|Any CPU
		{7F82A1F4-0E5E-4095-9519-7D4C324DE0E6}.Release|Any CPU.ActiveCfg = Release|Any CPU
		{7F82A1F4-0E5E-4095-9519-7D4C324DE0E6}.Release|Any CPU.Build.0 = Release|Any CPU
		{E7D0BD90-4DA8-4C3B-AFFF-A8FAFC19881F}.Debug|Any CPU.ActiveCfg = Debug|Any CPU
		{E7D0BD90-4DA8-4C3B-AFFF-A8FAFC19881F}.Debug|Any CPU.Build.0 = Debug|Any CPU
		{E7D0BD90-4DA8-4C3B-AFFF-A8FAFC19881F}.Release|Any CPU.ActiveCfg = Release|Any CPU
		{E7D0BD90-4DA8-4C3B-AFFF-A8FAFC19881F}.Release|Any CPU.Build.0 = Release|Any CPU
		{73562DC2-1B3A-48BF-96C6-31831BDB9FA0}.Debug|Any CPU.ActiveCfg = Debug|Any CPU
		{73562DC2-1B3A-48BF-96C6-31831BDB9FA0}.Debug|Any CPU.Build.0 = Debug|Any CPU
		{73562DC2-1B3A-48BF-96C6-31831BDB9FA0}.Release|Any CPU.ActiveCfg = Release|Any CPU
		{73562DC2-1B3A-48BF-96C6-31831BDB9FA0}.Release|Any CPU.Build.0 = Release|Any CPU
		{F58AA23C-923D-2C0D-559F-AF420C37E994}.Debug|Any CPU.ActiveCfg = Debug|Any CPU
		{F58AA23C-923D-2C0D-559F-AF420C37E994}.Debug|Any CPU.Build.0 = Debug|Any CPU
		{F58AA23C-923D-2C0D-559F-AF420C37E994}.Release|Any CPU.ActiveCfg = Release|Any CPU
		{F58AA23C-923D-2C0D-559F-AF420C37E994}.Release|Any CPU.Build.0 = Release|Any CPU
		{4A990E75-3CEE-8823-185C-327CEA019094}.Debug|Any CPU.ActiveCfg = Debug|Any CPU
		{4A990E75-3CEE-8823-185C-327CEA019094}.Debug|Any CPU.Build.0 = Debug|Any CPU
		{4A990E75-3CEE-8823-185C-327CEA019094}.Release|Any CPU.ActiveCfg = Release|Any CPU
		{4A990E75-3CEE-8823-185C-327CEA019094}.Release|Any CPU.Build.0 = Release|Any CPU
		{ACCE180A-32A9-4C39-9FCC-2F332F9C4C61}.Debug|Any CPU.ActiveCfg = Debug|Any CPU
		{ACCE180A-32A9-4C39-9FCC-2F332F9C4C61}.Debug|Any CPU.Build.0 = Debug|Any CPU
		{ACCE180A-32A9-4C39-9FCC-2F332F9C4C61}.Release|Any CPU.ActiveCfg = Release|Any CPU
		{ACCE180A-32A9-4C39-9FCC-2F332F9C4C61}.Release|Any CPU.Build.0 = Release|Any CPU
		{FA3A22AD-C62D-4619-9456-6C8AA9A94E95}.Debug|Any CPU.ActiveCfg = Debug|Any CPU
		{FA3A22AD-C62D-4619-9456-6C8AA9A94E95}.Debug|Any CPU.Build.0 = Debug|Any CPU
		{FA3A22AD-C62D-4619-9456-6C8AA9A94E95}.Debug|Any CPU.Deploy.0 = Debug|Any CPU
		{FA3A22AD-C62D-4619-9456-6C8AA9A94E95}.Release|Any CPU.ActiveCfg = Release|Any CPU
		{FA3A22AD-C62D-4619-9456-6C8AA9A94E95}.Release|Any CPU.Build.0 = Release|Any CPU
	EndGlobalSection
	GlobalSection(SolutionProperties) = preSolution
		HideSolutionNode = FALSE
	EndGlobalSection
	GlobalSection(NestedProjects) = preSolution
		{7681747C-4FD3-46C4-AFDF-6707BC51FAF0} = {163068B4-1A1C-406E-B44C-B00FBDB81EF5}
		{7F82A1F4-0E5E-4095-9519-7D4C324DE0E6} = {72F59CFF-03A0-4DC2-80C7-13FB8831EED2}
		{E7D0BD90-4DA8-4C3B-AFFF-A8FAFC19881F} = {72F59CFF-03A0-4DC2-80C7-13FB8831EED2}
		{4A990E75-3CEE-8823-185C-327CEA019094} = {163068B4-1A1C-406E-B44C-B00FBDB81EF5}
		{ACCE180A-32A9-4C39-9FCC-2F332F9C4C61} = {163068B4-1A1C-406E-B44C-B00FBDB81EF5}
		{FA3A22AD-C62D-4619-9456-6C8AA9A94E95} = {72F59CFF-03A0-4DC2-80C7-13FB8831EED2}
	EndGlobalSection
	GlobalSection(ExtensibilityGlobals) = postSolution
		SolutionGuid = {989A5E88-C177-4161-9741-2B0DF34856E6}
	EndGlobalSection
EndGlobal
