
Microsoft Visual Studio Solution File, Format Version 12.00
# Visual Studio Version 16
VisualStudioVersion = 16.0.31729.503
MinimumVisualStudioVersion = 10.0.40219.1
Project("{9A19103F-16F7-4668-BE54-9A1E7A4F7556}") = "Paging", "Paging\Paging.csproj", "{12C3A1A2-C021-4159-AEFE-2A999F994655}"
EndProject
Project("{D954291E-2A0B-460D-934E-DC6B0785DB48}") = "Paging.Shared", "Paging.Shared\Paging.Shared.shproj", "{A9D5A23A-94BC-4A2A-91A7-BB843210E653}"
EndProject
Project("{2150E333-8FDC-42A3-9474-1A3956D46DE8}") = "Tests", "Tests", "{163068B4-1A1C-406E-B44C-B00FBDB81EF5}"
EndProject
Project("{2150E333-8FDC-42A3-9474-1A3956D46DE8}") = "Samples", "Samples", "{72F59CFF-03A0-4DC2-80C7-13FB8831EED2}"
EndProject
Project("{2150E333-8FDC-42A3-9474-1A3956D46DE8}") = "Solution Items", "Solution Items", "{D6F3C1E3-9894-41A6-ABC3-F38EA4DDE2ED}"
	ProjectSection(SolutionItems) = preProject
		Paging.Forms.nuspec = Paging.Forms.nuspec
		Paging.Forms.yml = Paging.Forms.yml
	EndProjectSection
EndProject
Project("{9A19103F-16F7-4668-BE54-9A1E7A4F7556}") = "Paging.Forms", "Paging.Forms\Paging.Forms.csproj", "{581B624A-7402-4E0F-B074-71DAC2545629}"
EndProject
Project("{9A19103F-16F7-4668-BE54-9A1E7A4F7556}") = "Paging.Forms.Tests", "Tests\Paging.Forms.Tests\Paging.Forms.Tests.csproj", "{E207570D-4212-4193-95E6-14F3530CF5FC}"
EndProject
Global
	GlobalSection(SharedMSBuildProjectFiles) = preSolution
		Paging.Shared\Paging.Shared.projitems*{12c3a1a2-c021-4159-aefe-2a999f994655}*SharedItemsImports = 5
		Paging.Shared\Paging.Shared.projitems*{a9d5a23a-94bc-4a2a-91a7-bb843210e653}*SharedItemsImports = 13
	EndGlobalSection
	GlobalSection(SolutionConfigurationPlatforms) = preSolution
		Ad-Hoc|Any CPU = Ad-Hoc|Any CPU
		Ad-Hoc|iPhone = Ad-Hoc|iPhone
		Ad-Hoc|iPhoneSimulator = Ad-Hoc|iPhoneSimulator
		AppStore|Any CPU = AppStore|Any CPU
		AppStore|iPhone = AppStore|iPhone
		AppStore|iPhoneSimulator = AppStore|iPhoneSimulator
		Debug|Any CPU = Debug|Any CPU
		Debug|iPhone = Debug|iPhone
		Debug|iPhoneSimulator = Debug|iPhoneSimulator
		Release|Any CPU = Release|Any CPU
		Release|iPhone = Release|iPhone
		Release|iPhoneSimulator = Release|iPhoneSimulator
	EndGlobalSection
	GlobalSection(ProjectConfigurationPlatforms) = postSolution
		{12C3A1A2-C021-4159-AEFE-2A999F994655}.Ad-Hoc|Any CPU.ActiveCfg = Release|Any CPU
		{12C3A1A2-C021-4159-AEFE-2A999F994655}.Ad-Hoc|Any CPU.Build.0 = Release|Any CPU
		{12C3A1A2-C021-4159-AEFE-2A999F994655}.Ad-Hoc|iPhone.ActiveCfg = Release|Any CPU
		{12C3A1A2-C021-4159-AEFE-2A999F994655}.Ad-Hoc|iPhone.Build.0 = Release|Any CPU
		{12C3A1A2-C021-4159-AEFE-2A999F994655}.Ad-Hoc|iPhoneSimulator.ActiveCfg = Release|Any CPU
		{12C3A1A2-C021-4159-AEFE-2A999F994655}.Ad-Hoc|iPhoneSimulator.Build.0 = Release|Any CPU
		{12C3A1A2-C021-4159-AEFE-2A999F994655}.AppStore|Any CPU.ActiveCfg = Release|Any CPU
		{12C3A1A2-C021-4159-AEFE-2A999F994655}.AppStore|Any CPU.Build.0 = Release|Any CPU
		{12C3A1A2-C021-4159-AEFE-2A999F994655}.AppStore|iPhone.ActiveCfg = Release|Any CPU
		{12C3A1A2-C021-4159-AEFE-2A999F994655}.AppStore|iPhone.Build.0 = Release|Any CPU
		{12C3A1A2-C021-4159-AEFE-2A999F994655}.AppStore|iPhoneSimulator.ActiveCfg = Release|Any CPU
		{12C3A1A2-C021-4159-AEFE-2A999F994655}.AppStore|iPhoneSimulator.Build.0 = Release|Any CPU
		{12C3A1A2-C021-4159-AEFE-2A999F994655}.Debug|Any CPU.ActiveCfg = Debug|Any CPU
		{12C3A1A2-C021-4159-AEFE-2A999F994655}.Debug|Any CPU.Build.0 = Debug|Any CPU
		{12C3A1A2-C021-4159-AEFE-2A999F994655}.Debug|iPhone.ActiveCfg = Debug|Any CPU
		{12C3A1A2-C021-4159-AEFE-2A999F994655}.Debug|iPhone.Build.0 = Debug|Any CPU
		{12C3A1A2-C021-4159-AEFE-2A999F994655}.Debug|iPhoneSimulator.ActiveCfg = Debug|Any CPU
		{12C3A1A2-C021-4159-AEFE-2A999F994655}.Debug|iPhoneSimulator.Build.0 = Debug|Any CPU
		{12C3A1A2-C021-4159-AEFE-2A999F994655}.Release|Any CPU.ActiveCfg = Release|Any CPU
		{12C3A1A2-C021-4159-AEFE-2A999F994655}.Release|Any CPU.Build.0 = Release|Any CPU
		{12C3A1A2-C021-4159-AEFE-2A999F994655}.Release|iPhone.ActiveCfg = Release|Any CPU
		{12C3A1A2-C021-4159-AEFE-2A999F994655}.Release|iPhone.Build.0 = Release|Any CPU
		{12C3A1A2-C021-4159-AEFE-2A999F994655}.Release|iPhoneSimulator.ActiveCfg = Release|Any CPU
		{12C3A1A2-C021-4159-AEFE-2A999F994655}.Release|iPhoneSimulator.Build.0 = Release|Any CPU
		{581B624A-7402-4E0F-B074-71DAC2545629}.Ad-Hoc|Any CPU.ActiveCfg = Release|Any CPU
		{581B624A-7402-4E0F-B074-71DAC2545629}.Ad-Hoc|Any CPU.Build.0 = Release|Any CPU
		{581B624A-7402-4E0F-B074-71DAC2545629}.Ad-Hoc|iPhone.ActiveCfg = Release|Any CPU
		{581B624A-7402-4E0F-B074-71DAC2545629}.Ad-Hoc|iPhone.Build.0 = Release|Any CPU
		{581B624A-7402-4E0F-B074-71DAC2545629}.Ad-Hoc|iPhoneSimulator.ActiveCfg = Release|Any CPU
		{581B624A-7402-4E0F-B074-71DAC2545629}.Ad-Hoc|iPhoneSimulator.Build.0 = Release|Any CPU
		{581B624A-7402-4E0F-B074-71DAC2545629}.AppStore|Any CPU.ActiveCfg = Release|Any CPU
		{581B624A-7402-4E0F-B074-71DAC2545629}.AppStore|Any CPU.Build.0 = Release|Any CPU
		{581B624A-7402-4E0F-B074-71DAC2545629}.AppStore|iPhone.ActiveCfg = Release|Any CPU
		{581B624A-7402-4E0F-B074-71DAC2545629}.AppStore|iPhone.Build.0 = Release|Any CPU
		{581B624A-7402-4E0F-B074-71DAC2545629}.AppStore|iPhoneSimulator.ActiveCfg = Release|Any CPU
		{581B624A-7402-4E0F-B074-71DAC2545629}.AppStore|iPhoneSimulator.Build.0 = Release|Any CPU
		{581B624A-7402-4E0F-B074-71DAC2545629}.Debug|Any CPU.ActiveCfg = Debug|Any CPU
		{581B624A-7402-4E0F-B074-71DAC2545629}.Debug|Any CPU.Build.0 = Debug|Any CPU
		{581B624A-7402-4E0F-B074-71DAC2545629}.Debug|iPhone.ActiveCfg = Debug|Any CPU
		{581B624A-7402-4E0F-B074-71DAC2545629}.Debug|iPhone.Build.0 = Debug|Any CPU
		{581B624A-7402-4E0F-B074-71DAC2545629}.Debug|iPhoneSimulator.ActiveCfg = Debug|Any CPU
		{581B624A-7402-4E0F-B074-71DAC2545629}.Debug|iPhoneSimulator.Build.0 = Debug|Any CPU
		{581B624A-7402-4E0F-B074-71DAC2545629}.Release|Any CPU.ActiveCfg = Release|Any CPU
		{581B624A-7402-4E0F-B074-71DAC2545629}.Release|Any CPU.Build.0 = Release|Any CPU
		{581B624A-7402-4E0F-B074-71DAC2545629}.Release|iPhone.ActiveCfg = Release|Any CPU
		{581B624A-7402-4E0F-B074-71DAC2545629}.Release|iPhone.Build.0 = Release|Any CPU
		{581B624A-7402-4E0F-B074-71DAC2545629}.Release|iPhoneSimulator.ActiveCfg = Release|Any CPU
		{581B624A-7402-4E0F-B074-71DAC2545629}.Release|iPhoneSimulator.Build.0 = Release|Any CPU
		{E207570D-4212-4193-95E6-14F3530CF5FC}.Ad-Hoc|Any CPU.ActiveCfg = Release|Any CPU
		{E207570D-4212-4193-95E6-14F3530CF5FC}.Ad-Hoc|Any CPU.Build.0 = Release|Any CPU
		{E207570D-4212-4193-95E6-14F3530CF5FC}.Ad-Hoc|iPhone.ActiveCfg = Release|Any CPU
		{E207570D-4212-4193-95E6-14F3530CF5FC}.Ad-Hoc|iPhone.Build.0 = Release|Any CPU
		{E207570D-4212-4193-95E6-14F3530CF5FC}.Ad-Hoc|iPhoneSimulator.ActiveCfg = Release|Any CPU
		{E207570D-4212-4193-95E6-14F3530CF5FC}.Ad-Hoc|iPhoneSimulator.Build.0 = Release|Any CPU
		{E207570D-4212-4193-95E6-14F3530CF5FC}.AppStore|Any CPU.ActiveCfg = Release|Any CPU
		{E207570D-4212-4193-95E6-14F3530CF5FC}.AppStore|Any CPU.Build.0 = Release|Any CPU
		{E207570D-4212-4193-95E6-14F3530CF5FC}.AppStore|iPhone.ActiveCfg = Release|Any CPU
		{E207570D-4212-4193-95E6-14F3530CF5FC}.AppStore|iPhone.Build.0 = Release|Any CPU
		{E207570D-4212-4193-95E6-14F3530CF5FC}.AppStore|iPhoneSimulator.ActiveCfg = Release|Any CPU
		{E207570D-4212-4193-95E6-14F3530CF5FC}.AppStore|iPhoneSimulator.Build.0 = Release|Any CPU
		{E207570D-4212-4193-95E6-14F3530CF5FC}.Debug|Any CPU.ActiveCfg = Debug|Any CPU
		{E207570D-4212-4193-95E6-14F3530CF5FC}.Debug|Any CPU.Build.0 = Debug|Any CPU
		{E207570D-4212-4193-95E6-14F3530CF5FC}.Debug|iPhone.ActiveCfg = Debug|Any CPU
		{E207570D-4212-4193-95E6-14F3530CF5FC}.Debug|iPhone.Build.0 = Debug|Any CPU
		{E207570D-4212-4193-95E6-14F3530CF5FC}.Debug|iPhoneSimulator.ActiveCfg = Debug|Any CPU
		{E207570D-4212-4193-95E6-14F3530CF5FC}.Debug|iPhoneSimulator.Build.0 = Debug|Any CPU
		{E207570D-4212-4193-95E6-14F3530CF5FC}.Release|Any CPU.ActiveCfg = Release|Any CPU
		{E207570D-4212-4193-95E6-14F3530CF5FC}.Release|Any CPU.Build.0 = Release|Any CPU
		{E207570D-4212-4193-95E6-14F3530CF5FC}.Release|iPhone.ActiveCfg = Release|Any CPU
		{E207570D-4212-4193-95E6-14F3530CF5FC}.Release|iPhone.Build.0 = Release|Any CPU
		{E207570D-4212-4193-95E6-14F3530CF5FC}.Release|iPhoneSimulator.ActiveCfg = Release|Any CPU
		{E207570D-4212-4193-95E6-14F3530CF5FC}.Release|iPhoneSimulator.Build.0 = Release|Any CPU
	EndGlobalSection
	GlobalSection(SolutionProperties) = preSolution
		HideSolutionNode = FALSE
	EndGlobalSection
	GlobalSection(NestedProjects) = preSolution
		{E207570D-4212-4193-95E6-14F3530CF5FC} = {163068B4-1A1C-406E-B44C-B00FBDB81EF5}
	EndGlobalSection
	GlobalSection(ExtensibilityGlobals) = postSolution
		SolutionGuid = {989A5E88-C177-4161-9741-2B0DF34856E6}
	EndGlobalSection
EndGlobal
